
Microsoft Visual Studio Solution File, Format Version 12.00
# Visual Studio Version 16
VisualStudioVersion = 16.0.29613.14
MinimumVisualStudioVersion = 10.0.40219.1
Project("{FAE04EC0-301F-11D3-BF4B-00C04F79EFBC}") = "ProjetoFulltime_Full", "ProjetoFulltime_Full\ProjetoFulltime_Full.csproj", "{8BDAE538-2736-4CBC-9E67-C3A1CA50E6EF}"
EndProject
Global
	GlobalSection(SolutionConfigurationPlatforms) = preSolution
		Debug|Any CPU = Debug|Any CPU
		Release|Any CPU = Release|Any CPU
	EndGlobalSection
	GlobalSection(ProjectConfigurationPlatforms) = postSolution
		{8BDAE538-2736-4CBC-9E67-C3A1CA50E6EF}.Debug|Any CPU.ActiveCfg = Debug|Any CPU
		{8BDAE538-2736-4CBC-9E67-C3A1CA50E6EF}.Debug|Any CPU.Build.0 = Debug|Any CPU
		{8BDAE538-2736-4CBC-9E67-C3A1CA50E6EF}.Release|Any CPU.ActiveCfg = Release|Any CPU
		{8BDAE538-2736-4CBC-9E67-C3A1CA50E6EF}.Release|Any CPU.Build.0 = Release|Any CPU
	EndGlobalSection
	GlobalSection(SolutionProperties) = preSolution
		HideSolutionNode = FALSE
	EndGlobalSection
	GlobalSection(ExtensibilityGlobals) = postSolution
		SolutionGuid = {869CEF3F-5A39-4461-BE01-EED2A2F518DA}
	EndGlobalSection
EndGlobal
